// !$*UTF8*$!
{
	archiveVersion = 1;
	classes = {
	};
	objectVersion = 77;
	objects = {

/* Begin PBXContainerItemProxy section */
		B67348A82D43E1B800BF9912 /* PBXContainerItemProxy */ = {
			isa = PBXContainerItemProxy;
			containerPortal = B67348892D43E1B600BF9912 /* Project object */;
			proxyType = 1;
			remoteGlobalIDString = B67348902D43E1B600BF9912;
			remoteInfo = GestureRecognizerApp;
		};
		B67348B22D43E1B800BF9912 /* PBXContainerItemProxy */ = {
			isa = PBXContainerItemProxy;
			containerPortal = B67348892D43E1B600BF9912 /* Project object */;
			proxyType = 1;
			remoteGlobalIDString = B67348902D43E1B600BF9912;
			remoteInfo = GestureRecognizerApp;
		};
/* End PBXContainerItemProxy section */

/* Begin PBXFileReference section */
		B67348912D43E1B600BF9912 /* GestureRecognizerApp.app */ = {isa = PBXFileReference; explicitFileType = wrapper.application; includeInIndex = 0; path = GestureRecognizerApp.app; sourceTree = BUILT_PRODUCTS_DIR; };
		B67348A72D43E1B800BF9912 /* GestureRecognizerAppTests.xctest */ = {isa = PBXFileReference; explicitFileType = wrapper.cfbundle; includeInIndex = 0; path = GestureRecognizerAppTests.xctest; sourceTree = BUILT_PRODUCTS_DIR; };
		B67348B12D43E1B800BF9912 /* GestureRecognizerAppUITests.xctest */ = {isa = PBXFileReference; explicitFileType = wrapper.cfbundle; includeInIndex = 0; path = GestureRecognizerAppUITests.xctest; sourceTree = BUILT_PRODUCTS_DIR; };
/* End PBXFileReference section */

/* Begin PBXFileSystemSynchronizedBuildFileExceptionSet section */
		B67348B92D43E1B800BF9912 /* Exceptions for "GestureRecognizerApp" folder in "GestureRecognizerApp" target */ = {
			isa = PBXFileSystemSynchronizedBuildFileExceptionSet;
			membershipExceptions = (
				Info.plist,
			);
			target = B67348902D43E1B600BF9912 /* GestureRecognizerApp */;
		};
/* End PBXFileSystemSynchronizedBuildFileExceptionSet section */

/* Begin PBXFileSystemSynchronizedRootGroup section */
		B67348932D43E1B600BF9912 /* GestureRecognizerApp */ = {
			isa = PBXFileSystemSynchronizedRootGroup;
			exceptions = (
				B67348B92D43E1B800BF9912 /* Exceptions for "GestureRecognizerApp" folder in "GestureRecognizerApp" target */,
			);
			path = GestureRecognizerApp;
			sourceTree = "<group>";
		};
		B67348AA2D43E1B800BF9912 /* GestureRecognizerAppTests */ = {
			isa = PBXFileSystemSynchronizedRootGroup;
			path = GestureRecognizerAppTests;
			sourceTree = "<group>";
		};
		B67348B42D43E1B800BF9912 /* GestureRecognizerAppUITests */ = {
			isa = PBXFileSystemSynchronizedRootGroup;
			path = GestureRecognizerAppUITests;
			sourceTree = "<group>";
		};
/* End PBXFileSystemSynchronizedRootGroup section */

/* Begin PBXFrameworksBuildPhase section */
		B673488E2D43E1B600BF9912 /* Frameworks */ = {
			isa = PBXFrameworksBuildPhase;
			buildActionMask = 2147483647;
			files = (
			);
			runOnlyForDeploymentPostprocessing = 0;
		};
		B67348A42D43E1B800BF9912 /* Frameworks */ = {
			isa = PBXFrameworksBuildPhase;
			buildActionMask = 2147483647;
			files = (
			);
			runOnlyForDeploymentPostprocessing = 0;
		};
		B67348AE2D43E1B800BF9912 /* Frameworks */ = {
			isa = PBXFrameworksBuildPhase;
			buildActionMask = 2147483647;
			files = (
			);
			runOnlyForDeploymentPostprocessing = 0;
		};
/* End PBXFrameworksBuildPhase section */

/* Begin PBXGroup section */
		B67348882D43E1B600BF9912 = {
			isa = PBXGroup;
			children = (
				B67348932D43E1B600BF9912 /* GestureRecognizerApp */,
				B67348AA2D43E1B800BF9912 /* GestureRecognizerAppTests */,
				B67348B42D43E1B800BF9912 /* GestureRecognizerAppUITests */,
				B67348922D43E1B600BF9912 /* Products */,
			);
			sourceTree = "<group>";
		};
		B67348922D43E1B600BF9912 /* Products */ = {
			isa = PBXGroup;
			children = (
				B67348912D43E1B600BF9912 /* GestureRecognizerApp.app */,
				B67348A72D43E1B800BF9912 /* GestureRecognizerAppTests.xctest */,
				B67348B12D43E1B800BF9912 /* GestureRecognizerAppUITests.xctest */,
			);
			name = Products;
			sourceTree = "<group>";
		};
/* End PBXGroup section */

/* Begin PBXNativeTarget section */
		B67348902D43E1B600BF9912 /* GestureRecognizerApp */ = {
			isa = PBXNativeTarget;
			buildConfigurationList = B67348BA2D43E1B800BF9912 /* Build configuration list for PBXNativeTarget "GestureRecognizerApp" */;
			buildPhases = (
				B673488D2D43E1B600BF9912 /* Sources */,
				B673488E2D43E1B600BF9912 /* Frameworks */,
				B673488F2D43E1B600BF9912 /* Resources */,
			);
			buildRules = (
			);
			dependencies = (
			);
			fileSystemSynchronizedGroups = (
				B67348932D43E1B600BF9912 /* GestureRecognizerApp */,
			);
			name = GestureRecognizerApp;
			packageProductDependencies = (
			);
			productName = GestureRecognizerApp;
			productReference = B67348912D43E1B600BF9912 /* GestureRecognizerApp.app */;
			productType = "com.apple.product-type.application";
		};
		B67348A62D43E1B800BF9912 /* GestureRecognizerAppTests */ = {
			isa = PBXNativeTarget;
			buildConfigurationList = B67348BF2D43E1B800BF9912 /* Build configuration list for PBXNativeTarget "GestureRecognizerAppTests" */;
			buildPhases = (
				B67348A32D43E1B800BF9912 /* Sources */,
				B67348A42D43E1B800BF9912 /* Frameworks */,
				B67348A52D43E1B800BF9912 /* Resources */,
			);
			buildRules = (
			);
			dependencies = (
				B67348A92D43E1B800BF9912 /* PBXTargetDependency */,
			);
			fileSystemSynchronizedGroups = (
				B67348AA2D43E1B800BF9912 /* GestureRecognizerAppTests */,
			);
			name = GestureRecognizerAppTests;
			packageProductDependencies = (
			);
			productName = GestureRecognizerAppTests;
			productReference = B67348A72D43E1B800BF9912 /* GestureRecognizerAppTests.xctest */;
			productType = "com.apple.product-type.bundle.unit-test";
		};
		B67348B02D43E1B800BF9912 /* GestureRecognizerAppUITests */ = {
			isa = PBXNativeTarget;
			buildConfigurationList = B67348C22D43E1B800BF9912 /* Build configuration list for PBXNativeTarget "GestureRecognizerAppUITests" */;
			buildPhases = (
				B67348AD2D43E1B800BF9912 /* Sources */,
				B67348AE2D43E1B800BF9912 /* Frameworks */,
				B67348AF2D43E1B800BF9912 /* Resources */,
			);
			buildRules = (
			);
			dependencies = (
				B67348B32D43E1B800BF9912 /* PBXTargetDependency */,
			);
			fileSystemSynchronizedGroups = (
				B67348B42D43E1B800BF9912 /* GestureRecognizerAppUITests */,
			);
			name = GestureRecognizerAppUITests;
			packageProductDependencies = (
			);
			productName = GestureRecognizerAppUITests;
			productReference = B67348B12D43E1B800BF9912 /* GestureRecognizerAppUITests.xctest */;
			productType = "com.apple.product-type.bundle.ui-testing";
		};
/* End PBXNativeTarget section */

/* Begin PBXProject section */
		B67348892D43E1B600BF9912 /* Project object */ = {
			isa = PBXProject;
			attributes = {
				BuildIndependentTargetsInParallel = 1;
				LastSwiftUpdateCheck = 1620;
				LastUpgradeCheck = 1620;
				TargetAttributes = {
					B67348902D43E1B600BF9912 = {
						CreatedOnToolsVersion = 16.2;
					};
					B67348A62D43E1B800BF9912 = {
						CreatedOnToolsVersion = 16.2;
						TestTargetID = B67348902D43E1B600BF9912;
					};
					B67348B02D43E1B800BF9912 = {
						CreatedOnToolsVersion = 16.2;
						TestTargetID = B67348902D43E1B600BF9912;
					};
				};
			};
			buildConfigurationList = B673488C2D43E1B600BF9912 /* Build configuration list for PBXProject "GestureRecognizerApp" */;
			developmentRegion = en;
			hasScannedForEncodings = 0;
			knownRegions = (
				en,
				Base,
			);
			mainGroup = B67348882D43E1B600BF9912;
			minimizedProjectReferenceProxies = 1;
			preferredProjectObjectVersion = 77;
			productRefGroup = B67348922D43E1B600BF9912 /* Products */;
			projectDirPath = "";
			projectRoot = "";
			targets = (
				B67348902D43E1B600BF9912 /* GestureRecognizerApp */,
				B67348A62D43E1B800BF9912 /* GestureRecognizerAppTests */,
				B67348B02D43E1B800BF9912 /* GestureRecognizerAppUITests */,
			);
		};
/* End PBXProject section */

/* Begin PBXResourcesBuildPhase section */
		B673488F2D43E1B600BF9912 /* Resources */ = {
			isa = PBXResourcesBuildPhase;
			buildActionMask = 2147483647;
			files = (
			);
			runOnlyForDeploymentPostprocessing = 0;
		};
		B67348A52D43E1B800BF9912 /* Resources */ = {
			isa = PBXResourcesBuildPhase;
			buildActionMask = 2147483647;
			files = (
			);
			runOnlyForDeploymentPostprocessing = 0;
		};
		B67348AF2D43E1B800BF9912 /* Resources */ = {
			isa = PBXResourcesBuildPhase;
			buildActionMask = 2147483647;
			files = (
			);
			runOnlyForDeploymentPostprocessing = 0;
		};
/* End PBXResourcesBuildPhase section */

/* Begin PBXSourcesBuildPhase section */
		B673488D2D43E1B600BF9912 /* Sources */ = {
			isa = PBXSourcesBuildPhase;
			buildActionMask = 2147483647;
			files = (
			);
			runOnlyForDeploymentPostprocessing = 0;
		};
		B67348A32D43E1B800BF9912 /* Sources */ = {
			isa = PBXSourcesBuildPhase;
			buildActionMask = 2147483647;
			files = (
			);
			runOnlyForDeploymentPostprocessing = 0;
		};
		B67348AD2D43E1B800BF9912 /* Sources */ = {
			isa = PBXSourcesBuildPhase;
			buildActionMask = 2147483647;
			files = (
			);
			runOnlyForDeploymentPostprocessing = 0;
		};
/* End PBXSourcesBuildPhase section */

/* Begin PBXTargetDependency section */
		B67348A92D43E1B800BF9912 /* PBXTargetDependency */ = {
			isa = PBXTargetDependency;
			target = B67348902D43E1B600BF9912 /* GestureRecognizerApp */;
			targetProxy = B67348A82D43E1B800BF9912 /* PBXContainerItemProxy */;
		};
		B67348B32D43E1B800BF9912 /* PBXTargetDependency */ = {
			isa = PBXTargetDependency;
			target = B67348902D43E1B600BF9912 /* GestureRecognizerApp */;
			targetProxy = B67348B22D43E1B800BF9912 /* PBXContainerItemProxy */;
		};
/* End PBXTargetDependency section */

/* Begin XCBuildConfiguration section */
		B67348BB2D43E1B800BF9912 /* Debug */ = {
			isa = XCBuildConfiguration;
			buildSettings = {
				ASSETCATALOG_COMPILER_APPICON_NAME = AppIcon;
				ASSETCATALOG_COMPILER_GLOBAL_ACCENT_COLOR_NAME = AccentColor;
				CODE_SIGN_STYLE = Automatic;
				CURRENT_PROJECT_VERSION = 1;
				DEVELOPMENT_TEAM = H84WUS4V8F;
				GENERATE_INFOPLIST_FILE = YES;
				INFOPLIST_FILE = GestureRecognizerApp/Info.plist;
				INFOPLIST_KEY_UIApplicationSupportsIndirectInputEvents = YES;
				INFOPLIST_KEY_UILaunchStoryboardName = LaunchScreen;
				INFOPLIST_KEY_UIMainStoryboardFile = Main;
				INFOPLIST_KEY_UISupportedInterfaceOrientations_iPad = "UIInterfaceOrientationPortrait UIInterfaceOrientationPortraitUpsideDown UIInterfaceOrientationLandscapeLeft UIInterfaceOrientationLandscapeRight";
				INFOPLIST_KEY_UISupportedInterfaceOrientations_iPhone = "UIInterfaceOrientationPortrait UIInterfaceOrientationLandscapeLeft UIInterfaceOrientationLandscapeRight";
				IPHONEOS_DEPLOYMENT_TARGET = 16.6;
				LD_RUNPATH_SEARCH_PATHS = (
					"$(inherited)",
					"@executable_path/Frameworks",
				);
				MARKETING_VERSION = 1.0;
				PRODUCT_BUNDLE_IDENTIFIER = com.yaseminsalan.GestureRecognizerApp;
				PRODUCT_NAME = "$(TARGET_NAME)";
				SWIFT_EMIT_LOC_STRINGS = YES;
				SWIFT_VERSION = 5.0;
				TARGETED_DEVICE_FAMILY = "1,2";
			};
			name = Debug;
		};
		B67348BC2D43E1B800BF9912 /* Release */ = {
			isa = XCBuildConfiguration;
			buildSettings = {
				ASSETCATALOG_COMPILER_APPICON_NAME = AppIcon;
				ASSETCATALOG_COMPILER_GLOBAL_ACCENT_COLOR_NAME = AccentColor;
				CODE_SIGN_STYLE = Automatic;
				CURRENT_PROJECT_VERSION = 1;
				DEVELOPMENT_TEAM = H84WUS4V8F;
				GENERATE_INFOPLIST_FILE = YES;
				INFOPLIST_FILE = GestureRecognizerApp/Info.plist;
				INFOPLIST_KEY_UIApplicationSupportsIndirectInputEvents = YES;
				INFOPLIST_KEY_UILaunchStoryboardName = LaunchScreen;
				INFOPLIST_KEY_UIMainStoryboardFile = Main;
				INFOPLIST_KEY_UISupportedInterfaceOrientations_iPad = "UIInterfaceOrientationPortrait UIInterfaceOrientationPortraitUpsideDown UIInterfaceOrientationLandscapeLeft UIInterfaceOrientationLandscapeRight";
				INFOPLIST_KEY_UISupportedInterfaceOrientations_iPhone = "UIInterfaceOrientationPortrait UIInterfaceOrientationLandscapeLeft UIInterfaceOrientationLandscapeRight";
				IPHONEOS_DEPLOYMENT_TARGET = 16.6;
				LD_RUNPATH_SEARCH_PATHS = (
					"$(inherited)",
					"@executable_path/Frameworks",
				);
				MARKETING_VERSION = 1.0;
				PRODUCT_BUNDLE_IDENTIFIER = com.yaseminsalan.GestureRecognizerApp;
				PRODUCT_NAME = "$(TARGET_NAME)";
				SWIFT_EMIT_LOC_STRINGS = YES;
				SWIFT_VERSION = 5.0;
				TARGETED_DEVICE_FAMILY = "1,2";
			};
			name = Release;
		};
		B67348BD2D43E1B800BF9912 /* Debug */ = {
			isa = XCBuildConfiguration;
			buildSettings = {
				ALWAYS_SEARCH_USER_PATHS = NO;
				ASSETCATALOG_COMPILER_GENERATE_SWIFT_ASSET_SYMBOL_EXTENSIONS = YES;
				CLANG_ANALYZER_NONNULL = YES;
				CLANG_ANALYZER_NUMBER_OBJECT_CONVERSION = YES_AGGRESSIVE;
				CLANG_CXX_LANGUAGE_STANDARD = "gnu++20";
				CLANG_ENABLE_MODULES = YES;
				CLANG_ENABLE_OBJC_ARC = YES;
				CLANG_ENABLE_OBJC_WEAK = YES;
				CLANG_WARN_BLOCK_CAPTURE_AUTORELEASING = YES;
				CLANG_WARN_BOOL_CONVERSION = YES;
				CLANG_WARN_COMMA = YES;
				CLANG_WARN_CONSTANT_CONVERSION = YES;
				CLANG_WARN_DEPRECATED_OBJC_IMPLEMENTATIONS = YES;
				CLANG_WARN_DIRECT_OBJC_ISA_USAGE = YES_ERROR;
				CLANG_WARN_DOCUMENTATION_COMMENTS = YES;
				CLANG_WARN_EMPTY_BODY = YES;
				CLANG_WARN_ENUM_CONVERSION = YES;
				CLANG_WARN_INFINITE_RECURSION = YES;
				CLANG_WARN_INT_CONVERSION = YES;
				CLANG_WARN_NON_LITERAL_NULL_CONVERSION = YES;
				CLANG_WARN_OBJC_IMPLICIT_RETAIN_SELF = YES;
				CLANG_WARN_OBJC_LITERAL_CONVERSION = YES;
				CLANG_WARN_OBJC_ROOT_CLASS = YES_ERROR;
				CLANG_WARN_QUOTED_INCLUDE_IN_FRAMEWORK_HEADER = YES;
				CLANG_WARN_RANGE_LOOP_ANALYSIS = YES;
				CLANG_WARN_STRICT_PROTOTYPES = YES;
				CLANG_WARN_SUSPICIOUS_MOVE = YES;
				CLANG_WARN_UNGUARDED_AVAILABILITY = YES_AGGRESSIVE;
				CLANG_WARN_UNREACHABLE_CODE = YES;
				CLANG_WARN__DUPLICATE_METHOD_MATCH = YES;
				COPY_PHASE_STRIP = NO;
				DEBUG_INFORMATION_FORMAT = dwarf;
				ENABLE_STRICT_OBJC_MSGSEND = YES;
				ENABLE_TESTABILITY = YES;
				ENABLE_USER_SCRIPT_SANDBOXING = YES;
				GCC_C_LANGUAGE_STANDARD = gnu17;
				GCC_DYNAMIC_NO_PIC = NO;
				GCC_NO_COMMON_BLOCKS = YES;
				GCC_OPTIMIZATION_LEVEL = 0;
				GCC_PREPROCESSOR_DEFINITIONS = (
					"DEBUG=1",
					"$(inherited)",
				);
				GCC_WARN_64_TO_32_BIT_CONVERSION = YES;
				GCC_WARN_ABOUT_RETURN_TYPE = YES_ERROR;
				GCC_WARN_UNDECLARED_SELECTOR = YES;
				GCC_WARN_UNINITIALIZED_AUTOS = YES_AGGRESSIVE;
				GCC_WARN_UNUSED_FUNCTION = YES;
				GCC_WARN_UNUSED_VARIABLE = YES;
				IPHONEOS_DEPLOYMENT_TARGET = 18.2;
				LOCALIZATION_PREFERS_STRING_CATALOGS = YES;
				MTL_ENABLE_DEBUG_INFO = INCLUDE_SOURCE;
				MTL_FAST_MATH = YES;
				ONLY_ACTIVE_ARCH = YES;
				SDKROOT = iphoneos;
				SWIFT_ACTIVE_COMPILATION_CONDITIONS = "DEBUG $(inherited)";
				SWIFT_OPTIMIZATION_LEVEL = "-Onone";
			};
			name = Debug;
		};
		B67348BE2D43E1B800BF9912 /* Release */ = {
			isa = XCBuildConfiguration;
			buildSettings = {
				ALWAYS_SEARCH_USER_PATHS = NO;
				ASSETCATALOG_COMPILER_GENERATE_SWIFT_ASSET_SYMBOL_EXTENSIONS = YES;
				CLANG_ANALYZER_NONNULL = YES;
				CLANG_ANALYZER_NUMBER_OBJECT_CONVERSION = YES_AGGRESSIVE;
				CLANG_CXX_LANGUAGE_STANDARD = "gnu++20";
				CLANG_ENABLE_MODULES = YES;
				CLANG_ENABLE_OBJC_ARC = YES;
				CLANG_ENABLE_OBJC_WEAK = YES;
				CLANG_WARN_BLOCK_CAPTURE_AUTORELEASING = YES;
				CLANG_WARN_BOOL_CONVERSION = YES;
				CLANG_WARN_COMMA = YES;
				CLANG_WARN_CONSTANT_CONVERSION = YES;
				CLANG_WARN_DEPRECATED_OBJC_IMPLEMENTATIONS = YES;
				CLANG_WARN_DIRECT_OBJC_ISA_USAGE = YES_ERROR;
				CLANG_WARN_DOCUMENTATION_COMMENTS = YES;
				CLANG_WARN_EMPTY_BODY = YES;
				CLANG_WARN_ENUM_CONVERSION = YES;
				CLANG_WARN_INFINITE_RECURSION = YES;
				CLANG_WARN_INT_CONVERSION = YES;
				CLANG_WARN_NON_LITERAL_NULL_CONVERSION = YES;
				CLANG_WARN_OBJC_IMPLICIT_RETAIN_SELF = YES;
				CLANG_WARN_OBJC_LITERAL_CONVERSION = YES;
				CLANG_WARN_OBJC_ROOT_CLASS = YES_ERROR;
				CLANG_WARN_QUOTED_INCLUDE_IN_FRAMEWORK_HEADER = YES;
				CLANG_WARN_RANGE_LOOP_ANALYSIS = YES;
				CLANG_WARN_STRICT_PROTOTYPES = YES;
				CLANG_WARN_SUSPICIOUS_MOVE = YES;
				CLANG_WARN_UNGUARDED_AVAILABILITY = YES_AGGRESSIVE;
				CLANG_WARN_UNREACHABLE_CODE = YES;
				CLANG_WARN__DUPLICATE_METHOD_MATCH = YES;
				COPY_PHASE_STRIP = NO;
				DEBUG_INFORMATION_FORMAT = "dwarf-with-dsym";
				ENABLE_NS_ASSERTIONS = NO;
				ENABLE_STRICT_OBJC_MSGSEND = YES;
				ENABLE_USER_SCRIPT_SANDBOXING = YES;
				GCC_C_LANGUAGE_STANDARD = gnu17;
				GCC_NO_COMMON_BLOCKS = YES;
				GCC_WARN_64_TO_32_BIT_CONVERSION = YES;
				GCC_WARN_ABOUT_RETURN_TYPE = YES_ERROR;
				GCC_WARN_UNDECLARED_SELECTOR = YES;
				GCC_WARN_UNINITIALIZED_AUTOS = YES_AGGRESSIVE;
				GCC_WARN_UNUSED_FUNCTION = YES;
				GCC_WARN_UNUSED_VARIABLE = YES;
				IPHONEOS_DEPLOYMENT_TARGET = 18.2;
				LOCALIZATION_PREFERS_STRING_CATALOGS = YES;
				MTL_ENABLE_DEBUG_INFO = NO;
				MTL_FAST_MATH = YES;
				SDKROOT = iphoneos;
				SWIFT_COMPILATION_MODE = wholemodule;
				VALIDATE_PRODUCT = YES;
			};
			name = Release;
		};
		B67348C02D43E1B800BF9912 /* Debug */ = {
			isa = XCBuildConfiguration;
			buildSettings = {
				BUNDLE_LOADER = "$(TEST_HOST)";
				CODE_SIGN_STYLE = Automatic;
				CURRENT_PROJECT_VERSION = 1;
				DEVELOPMENT_TEAM = H84WUS4V8F;
				GENERATE_INFOPLIST_FILE = YES;
				IPHONEOS_DEPLOYMENT_TARGET = 18.2;
				MARKETING_VERSION = 1.0;
				PRODUCT_BUNDLE_IDENTIFIER = com.yaseminsalan.GestureRecognizerAppTests;
				PRODUCT_NAME = "$(TARGET_NAME)";
				SWIFT_EMIT_LOC_STRINGS = NO;
				SWIFT_VERSION = 5.0;
				TARGETED_DEVICE_FAMILY = "1,2";
				TEST_HOST = "$(BUILT_PRODUCTS_DIR)/GestureRecognizerApp.app/$(BUNDLE_EXECUTABLE_FOLDER_PATH)/GestureRecognizerApp";
			};
			name = Debug;
		};
		B67348C12D43E1B800BF9912 /* Release */ = {
			isa = XCBuildConfiguration;
			buildSettings = {
				BUNDLE_LOADER = "$(TEST_HOST)";
				CODE_SIGN_STYLE = Automatic;
				CURRENT_PROJECT_VERSION = 1;
				DEVELOPMENT_TEAM = H84WUS4V8F;
				GENERATE_INFOPLIST_FILE = YES;
				IPHONEOS_DEPLOYMENT_TARGET = 18.2;
				MARKETING_VERSION = 1.0;
				PRODUCT_BUNDLE_IDENTIFIER = com.yaseminsalan.GestureRecognizerAppTests;
				PRODUCT_NAME = "$(TARGET_NAME)";
				SWIFT_EMIT_LOC_STRINGS = NO;
				SWIFT_VERSION = 5.0;
				TARGETED_DEVICE_FAMILY = "1,2";
				TEST_HOST = "$(BUILT_PRODUCTS_DIR)/GestureRecognizerApp.app/$(BUNDLE_EXECUTABLE_FOLDER_PATH)/GestureRecognizerApp";
			};
			name = Release;
		};
		B67348C32D43E1B800BF9912 /* Debug */ = {
			isa = XCBuildConfiguration;
			buildSettings = {
				CODE_SIGN_STYLE = Automatic;
				CURRENT_PROJECT_VERSION = 1;
				DEVELOPMENT_TEAM = H84WUS4V8F;
				GENERATE_INFOPLIST_FILE = YES;
				MARKETING_VERSION = 1.0;
				PRODUCT_BUNDLE_IDENTIFIER = com.yaseminsalan.GestureRecognizerAppUITests;
				PRODUCT_NAME = "$(TARGET_NAME)";
				SWIFT_EMIT_LOC_STRINGS = NO;
				SWIFT_VERSION = 5.0;
				TARGETED_DEVICE_FAMILY = "1,2";
				TEST_TARGET_NAME = GestureRecognizerApp;
			};
			name = Debug;
		};
		B67348C42D43E1B800BF9912 /* Release */ = {
			isa = XCBuildConfiguration;
			buildSettings = {
				CODE_SIGN_STYLE = Automatic;
				CURRENT_PROJECT_VERSION = 1;
				DEVELOPMENT_TEAM = H84WUS4V8F;
				GENERATE_INFOPLIST_FILE = YES;
				MARKETING_VERSION = 1.0;
				PRODUCT_BUNDLE_IDENTIFIER = com.yaseminsalan.GestureRecognizerAppUITests;
				PRODUCT_NAME = "$(TARGET_NAME)";
				SWIFT_EMIT_LOC_STRINGS = NO;
				SWIFT_VERSION = 5.0;
				TARGETED_DEVICE_FAMILY = "1,2";
				TEST_TARGET_NAME = GestureRecognizerApp;
			};
			name = Release;
		};
/* End XCBuildConfiguration section */

/* Begin XCConfigurationList section */
		B673488C2D43E1B600BF9912 /* Build configuration list for PBXProject "GestureRecognizerApp" */ = {
			isa = XCConfigurationList;
			buildConfigurations = (
				B67348BD2D43E1B800BF9912 /* Debug */,
				B67348BE2D43E1B800BF9912 /* Release */,
			);
			defaultConfigurationIsVisible = 0;
			defaultConfigurationName = Release;
		};
		B67348BA2D43E1B800BF9912 /* Build configuration list for PBXNativeTarget "GestureRecognizerApp" */ = {
			isa = XCConfigurationList;
			buildConfigurations = (
				B67348BB2D43E1B800BF9912 /* Debug */,
				B67348BC2D43E1B800BF9912 /* Release */,
			);
			defaultConfigurationIsVisible = 0;
			defaultConfigurationName = Release;
		};
		B67348BF2D43E1B800BF9912 /* Build configuration list for PBXNativeTarget "GestureRecognizerAppTests" */ = {
			isa = XCConfigurationList;
			buildConfigurations = (
				B67348C02D43E1B800BF9912 /* Debug */,
				B67348C12D43E1B800BF9912 /* Release */,
			);
			defaultConfigurationIsVisible = 0;
			defaultConfigurationName = Release;
		};
		B67348C22D43E1B800BF9912 /* Build configuration list for PBXNativeTarget "GestureRecognizerAppUITests" */ = {
			isa = XCConfigurationList;
			buildConfigurations = (
				B67348C32D43E1B800BF9912 /* Debug */,
				B67348C42D43E1B800BF9912 /* Release */,
			);
			defaultConfigurationIsVisible = 0;
			defaultConfigurationName = Release;
		};
/* End XCConfigurationList section */
	};
	rootObject = B67348892D43E1B600BF9912 /* Project object */;
}
